
Microsoft Visual Studio Solution File, Format Version 12.00
# Visual Studio Version 17
VisualStudioVersion = 17.7.34031.279
MinimumVisualStudioVersion = 10.0.40219.1
Project("{FAE04EC0-301F-11D3-BF4B-00C04F79EFBC}") = "PinPanBlock", "PinPanBlock\PinPanBlock.csproj", "{592C46AA-6F0B-4956-994B-A891B71F15DB}"
EndProject
Global
	GlobalSection(SolutionConfigurationPlatforms) = preSolution
		Debug|Any CPU = Debug|Any CPU
		Release|Any CPU = Release|Any CPU
	EndGlobalSection
	GlobalSection(ProjectConfigurationPlatforms) = postSolution
		{592C46AA-6F0B-4956-994B-A891B71F15DB}.Debug|Any CPU.ActiveCfg = Debug|Any CPU
		{592C46AA-6F0B-4956-994B-A891B71F15DB}.Debug|Any CPU.Build.0 = Debug|Any CPU
		{592C46AA-6F0B-4956-994B-A891B71F15DB}.Release|Any CPU.ActiveCfg = Release|Any CPU
		{592C46AA-6F0B-4956-994B-A891B71F15DB}.Release|Any CPU.Build.0 = Release|Any CPU
	EndGlobalSection
	GlobalSection(SolutionProperties) = preSolution
		HideSolutionNode = FALSE
	EndGlobalSection
	GlobalSection(ExtensibilityGlobals) = postSolution
		SolutionGuid = {1E16CF1D-3D21-4991-A18F-DD0455689463}
	EndGlobalSection
EndGlobal
